// !$*UTF8*$!
{
	archiveVersion = 1;
	classes = {
	};
	objectVersion = 56;
	objects = {

/* Begin PBXBuildFile section */
		340484FF2BA5BC99001C38D5 /* SettingsView.swift in Sources */ = {isa = PBXBuildFile; fileRef = 340484FE2BA5BC99001C38D5 /* SettingsView.swift */; };
		340485012BA5C181001C38D5 /* SettingsCell.swift in Sources */ = {isa = PBXBuildFile; fileRef = 340485002BA5C181001C38D5 /* SettingsCell.swift */; };
		344D44C42BA325D20053340A /* AppDelegate.swift in Sources */ = {isa = PBXBuildFile; fileRef = 344D44C32BA325D20053340A /* AppDelegate.swift */; };
		344D44C62BA325D20053340A /* SceneDelegate.swift in Sources */ = {isa = PBXBuildFile; fileRef = 344D44C52BA325D20053340A /* SceneDelegate.swift */; };
		344D44C82BA325D20053340A /* HomeView.swift in Sources */ = {isa = PBXBuildFile; fileRef = 344D44C72BA325D20053340A /* HomeView.swift */; };
		344D44CD2BA325D40053340A /* Assets.xcassets in Resources */ = {isa = PBXBuildFile; fileRef = 344D44CC2BA325D40053340A /* Assets.xcassets */; };
		344D44D02BA325D40053340A /* LaunchScreen.storyboard in Resources */ = {isa = PBXBuildFile; fileRef = 344D44CE2BA325D40053340A /* LaunchScreen.storyboard */; };
		344D44D92BA332ED0053340A /* NoteCell.swift in Sources */ = {isa = PBXBuildFile; fileRef = 344D44D82BA332ED0053340A /* NoteCell.swift */; };
		344D44DB2BA3488E0053340A /* HomeController.swift in Sources */ = {isa = PBXBuildFile; fileRef = 344D44DA2BA3488E0053340A /* HomeController.swift */; };
		344D44DD2BA3489B0053340A /* HomeModel.swift in Sources */ = {isa = PBXBuildFile; fileRef = 344D44DC2BA3489B0053340A /* HomeModel.swift */; };
		346B05DA2BA9FA9F0074D7E7 /* OnBoardingView.swift in Sources */ = {isa = PBXBuildFile; fileRef = 346B05D92BA9FA9F0074D7E7 /* OnBoardingView.swift */; };
		346B05DC2BA9FD0F0074D7E7 /* OnBoardingCell.swift in Sources */ = {isa = PBXBuildFile; fileRef = 346B05DB2BA9FD0F0074D7E7 /* OnBoardingCell.swift */; };
		346EF05A2BAF1145007DB559 /* Note.xcdatamodeld in Sources */ = {isa = PBXBuildFile; fileRef = 346EF0582BAF1145007DB559 /* Note.xcdatamodeld */; };
		346EF05D2BAF131B007DB559 /* Notes+CoreDataClass.swift in Sources */ = {isa = PBXBuildFile; fileRef = 346EF05B2BAF131B007DB559 /* Notes+CoreDataClass.swift */; };
		346EF05E2BAF131B007DB559 /* Notes+CoreDataProperties.swift in Sources */ = {isa = PBXBuildFile; fileRef = 346EF05C2BAF131B007DB559 /* Notes+CoreDataProperties.swift */; };
		346EF0612BAF13A0007DB559 /* CoreDataService.swift in Sources */ = {isa = PBXBuildFile; fileRef = 346EF0602BAF13A0007DB559 /* CoreDataService.swift */; };
		346EF0642BAF1B95007DB559 /* AddNoteView.swift in Sources */ = {isa = PBXBuildFile; fileRef = 346EF0632BAF1B95007DB559 /* AddNoteView.swift */; };
		34F8A53C2BA8E9A100918708 /* SettingsModel.swift in Sources */ = {isa = PBXBuildFile; fileRef = 34F8A53B2BA8E9A100918708 /* SettingsModel.swift */; };
		34F8A53E2BA8EAB500918708 /* SettingsController.swift in Sources */ = {isa = PBXBuildFile; fileRef = 34F8A53D2BA8EAB500918708 /* SettingsController.swift */; };
/* End PBXBuildFile section */

/* Begin PBXFileReference section */
		340484FE2BA5BC99001C38D5 /* SettingsView.swift */ = {isa = PBXFileReference; lastKnownFileType = sourcecode.swift; path = SettingsView.swift; sourceTree = "<group>"; };
		340485002BA5C181001C38D5 /* SettingsCell.swift */ = {isa = PBXFileReference; lastKnownFileType = sourcecode.swift; path = SettingsCell.swift; sourceTree = "<group>"; };
		344D44C02BA325D20053340A /* NoteApp.app */ = {isa = PBXFileReference; explicitFileType = wrapper.application; includeInIndex = 0; path = NoteApp.app; sourceTree = BUILT_PRODUCTS_DIR; };
		344D44C32BA325D20053340A /* AppDelegate.swift */ = {isa = PBXFileReference; lastKnownFileType = sourcecode.swift; path = AppDelegate.swift; sourceTree = "<group>"; };
		344D44C52BA325D20053340A /* SceneDelegate.swift */ = {isa = PBXFileReference; lastKnownFileType = sourcecode.swift; path = SceneDelegate.swift; sourceTree = "<group>"; };
		344D44C72BA325D20053340A /* HomeView.swift */ = {isa = PBXFileReference; lastKnownFileType = sourcecode.swift; path = HomeView.swift; sourceTree = "<group>"; };
		344D44CC2BA325D40053340A /* Assets.xcassets */ = {isa = PBXFileReference; lastKnownFileType = folder.assetcatalog; path = Assets.xcassets; sourceTree = "<group>"; };
		344D44CF2BA325D40053340A /* Base */ = {isa = PBXFileReference; lastKnownFileType = file.storyboard; name = Base; path = Base.lproj/LaunchScreen.storyboard; sourceTree = "<group>"; };
		344D44D12BA325D40053340A /* Info.plist */ = {isa = PBXFileReference; lastKnownFileType = text.plist.xml; path = Info.plist; sourceTree = "<group>"; };
		344D44D82BA332ED0053340A /* NoteCell.swift */ = {isa = PBXFileReference; lastKnownFileType = sourcecode.swift; path = NoteCell.swift; sourceTree = "<group>"; };
		344D44DA2BA3488E0053340A /* HomeController.swift */ = {isa = PBXFileReference; lastKnownFileType = sourcecode.swift; path = HomeController.swift; sourceTree = "<group>"; };
		344D44DC2BA3489B0053340A /* HomeModel.swift */ = {isa = PBXFileReference; lastKnownFileType = sourcecode.swift; path = HomeModel.swift; sourceTree = "<group>"; };
		346B05D92BA9FA9F0074D7E7 /* OnBoardingView.swift */ = {isa = PBXFileReference; lastKnownFileType = sourcecode.swift; path = OnBoardingView.swift; sourceTree = "<group>"; };
		346B05DB2BA9FD0F0074D7E7 /* OnBoardingCell.swift */ = {isa = PBXFileReference; lastKnownFileType = sourcecode.swift; path = OnBoardingCell.swift; sourceTree = "<group>"; };
		346EF0592BAF1145007DB559 /* Note.xcdatamodel */ = {isa = PBXFileReference; lastKnownFileType = wrapper.xcdatamodel; path = Note.xcdatamodel; sourceTree = "<group>"; };
		346EF05B2BAF131B007DB559 /* Notes+CoreDataClass.swift */ = {isa = PBXFileReference; lastKnownFileType = sourcecode.swift; path = "Notes+CoreDataClass.swift"; sourceTree = "<group>"; };
		346EF05C2BAF131B007DB559 /* Notes+CoreDataProperties.swift */ = {isa = PBXFileReference; lastKnownFileType = sourcecode.swift; path = "Notes+CoreDataProperties.swift"; sourceTree = "<group>"; };
		346EF0602BAF13A0007DB559 /* CoreDataService.swift */ = {isa = PBXFileReference; lastKnownFileType = sourcecode.swift; path = CoreDataService.swift; sourceTree = "<group>"; };
		346EF0632BAF1B95007DB559 /* AddNoteView.swift */ = {isa = PBXFileReference; lastKnownFileType = sourcecode.swift; path = AddNoteView.swift; sourceTree = "<group>"; };
		34F8A53B2BA8E9A100918708 /* SettingsModel.swift */ = {isa = PBXFileReference; lastKnownFileType = sourcecode.swift; path = SettingsModel.swift; sourceTree = "<group>"; };
		34F8A53D2BA8EAB500918708 /* SettingsController.swift */ = {isa = PBXFileReference; lastKnownFileType = sourcecode.swift; path = SettingsController.swift; sourceTree = "<group>"; };
/* End PBXFileReference section */

/* Begin PBXFrameworksBuildPhase section */
		344D44BD2BA325D20053340A /* Frameworks */ = {
			isa = PBXFrameworksBuildPhase;
			buildActionMask = 2147483647;
			files = (
			);
			runOnlyForDeploymentPostprocessing = 0;
		};
/* End PBXFrameworksBuildPhase section */

/* Begin PBXGroup section */
		340485042BA5CB77001C38D5 /* Setting */ = {
			isa = PBXGroup;
			children = (
				340484FE2BA5BC99001C38D5 /* SettingsView.swift */,
				34F8A53D2BA8EAB500918708 /* SettingsController.swift */,
				34F8A53B2BA8E9A100918708 /* SettingsModel.swift */,
				340485002BA5C181001C38D5 /* SettingsCell.swift */,
			);
			path = Setting;
			sourceTree = "<group>";
		};
		340485052BA5EE70001C38D5 /* Modules */ = {
			isa = PBXGroup;
			children = (
				344D44C52BA325D20053340A /* SceneDelegate.swift */,
				344D44C32BA325D20053340A /* AppDelegate.swift */,
			);
			path = Modules;
			sourceTree = "<group>";
		};
		344D44B72BA325D20053340A = {
			isa = PBXGroup;
			children = (
				346EF05B2BAF131B007DB559 /* Notes+CoreDataClass.swift */,
				346EF05C2BAF131B007DB559 /* Notes+CoreDataProperties.swift */,
				344D44C22BA325D20053340A /* NoteApp */,
				344D44C12BA325D20053340A /* Products */,
			);
			sourceTree = "<group>";
		};
		344D44C12BA325D20053340A /* Products */ = {
			isa = PBXGroup;
			children = (
				344D44C02BA325D20053340A /* NoteApp.app */,
			);
			name = Products;
			sourceTree = "<group>";
		};
		344D44C22BA325D20053340A /* NoteApp */ = {
			isa = PBXGroup;
			children = (
				340485052BA5EE70001C38D5 /* Modules */,
				346B05D82BA9FA720074D7E7 /* OnBoarding */,
				344D44D72BA332B80053340A /* Home */,
				340485042BA5CB77001C38D5 /* Setting */,
				346EF05F2BAF1381007DB559 /* Services */,
				346EF0622BAF1B78007DB559 /* Add */,
				344D44CC2BA325D40053340A /* Assets.xcassets */,
				346EF0582BAF1145007DB559 /* Note.xcdatamodeld */,
				344D44CE2BA325D40053340A /* LaunchScreen.storyboard */,
				344D44D12BA325D40053340A /* Info.plist */,
			);
			path = NoteApp;
			sourceTree = "<group>";
		};
		344D44D72BA332B80053340A /* Home */ = {
			isa = PBXGroup;
			children = (
				344D44C72BA325D20053340A /* HomeView.swift */,
				344D44D82BA332ED0053340A /* NoteCell.swift */,
				344D44DA2BA3488E0053340A /* HomeController.swift */,
				344D44DC2BA3489B0053340A /* HomeModel.swift */,
			);
			path = Home;
			sourceTree = "<group>";
		};
		346B05D82BA9FA720074D7E7 /* OnBoarding */ = {
			isa = PBXGroup;
			children = (
				346B05D92BA9FA9F0074D7E7 /* OnBoardingView.swift */,
				346B05DB2BA9FD0F0074D7E7 /* OnBoardingCell.swift */,
			);
			path = OnBoarding;
			sourceTree = "<group>";
		};
		346EF05F2BAF1381007DB559 /* Services */ = {
			isa = PBXGroup;
			children = (
				346EF0602BAF13A0007DB559 /* CoreDataService.swift */,
			);
			path = Services;
			sourceTree = "<group>";
		};
		346EF0622BAF1B78007DB559 /* Add */ = {
			isa = PBXGroup;
			children = (
				346EF0632BAF1B95007DB559 /* AddNoteView.swift */,
			);
			path = Add;
			sourceTree = "<group>";
		};
/* End PBXGroup section */

/* Begin PBXNativeTarget section */
		344D44BF2BA325D20053340A /* NoteApp */ = {
			isa = PBXNativeTarget;
			buildConfigurationList = 344D44D42BA325D40053340A /* Build configuration list for PBXNativeTarget "NoteApp" */;
			buildPhases = (
				344D44BC2BA325D20053340A /* Sources */,
				344D44BD2BA325D20053340A /* Frameworks */,
				344D44BE2BA325D20053340A /* Resources */,
			);
			buildRules = (
			);
			dependencies = (
			);
			name = NoteApp;
			productName = NoteApp;
			productReference = 344D44C02BA325D20053340A /* NoteApp.app */;
			productType = "com.apple.product-type.application";
		};
/* End PBXNativeTarget section */

/* Begin PBXProject section */
		344D44B82BA325D20053340A /* Project object */ = {
			isa = PBXProject;
			attributes = {
				BuildIndependentTargetsInParallel = 1;
				LastSwiftUpdateCheck = 1500;
				LastUpgradeCheck = 1500;
				TargetAttributes = {
					344D44BF2BA325D20053340A = {
						CreatedOnToolsVersion = 15.0.1;
					};
				};
			};
			buildConfigurationList = 344D44BB2BA325D20053340A /* Build configuration list for PBXProject "NoteApp" */;
			compatibilityVersion = "Xcode 14.0";
			developmentRegion = en;
			hasScannedForEncodings = 0;
			knownRegions = (
				en,
				Base,
			);
			mainGroup = 344D44B72BA325D20053340A;
			productRefGroup = 344D44C12BA325D20053340A /* Products */;
			projectDirPath = "";
			projectRoot = "";
			targets = (
				344D44BF2BA325D20053340A /* NoteApp */,
			);
		};
/* End PBXProject section */

/* Begin PBXResourcesBuildPhase section */
		344D44BE2BA325D20053340A /* Resources */ = {
			isa = PBXResourcesBuildPhase;
			buildActionMask = 2147483647;
			files = (
				344D44D02BA325D40053340A /* LaunchScreen.storyboard in Resources */,
				344D44CD2BA325D40053340A /* Assets.xcassets in Resources */,
			);
			runOnlyForDeploymentPostprocessing = 0;
		};
/* End PBXResourcesBuildPhase section */

/* Begin PBXSourcesBuildPhase section */
		344D44BC2BA325D20053340A /* Sources */ = {
			isa = PBXSourcesBuildPhase;
			buildActionMask = 2147483647;
			files = (
				34F8A53C2BA8E9A100918708 /* SettingsModel.swift in Sources */,
				340484FF2BA5BC99001C38D5 /* SettingsView.swift in Sources */,
				344D44C82BA325D20053340A /* HomeView.swift in Sources */,
				340485012BA5C181001C38D5 /* SettingsCell.swift in Sources */,
				346EF0642BAF1B95007DB559 /* AddNoteView.swift in Sources */,
				346EF0612BAF13A0007DB559 /* CoreDataService.swift in Sources */,
				34F8A53E2BA8EAB500918708 /* SettingsController.swift in Sources */,
				346B05DA2BA9FA9F0074D7E7 /* OnBoardingView.swift in Sources */,
				344D44C42BA325D20053340A /* AppDelegate.swift in Sources */,
				344D44DD2BA3489B0053340A /* HomeModel.swift in Sources */,
				346EF05A2BAF1145007DB559 /* Note.xcdatamodeld in Sources */,
				346EF05E2BAF131B007DB559 /* Notes+CoreDataProperties.swift in Sources */,
				346EF05D2BAF131B007DB559 /* Notes+CoreDataClass.swift in Sources */,
				344D44C62BA325D20053340A /* SceneDelegate.swift in Sources */,
				344D44D92BA332ED0053340A /* NoteCell.swift in Sources */,
				346B05DC2BA9FD0F0074D7E7 /* OnBoardingCell.swift in Sources */,
				344D44DB2BA3488E0053340A /* HomeController.swift in Sources */,
			);
			runOnlyForDeploymentPostprocessing = 0;
		};
/* End PBXSourcesBuildPhase section */

/* Begin PBXVariantGroup section */
		344D44CE2BA325D40053340A /* LaunchScreen.storyboard */ = {
			isa = PBXVariantGroup;
			children = (
				344D44CF2BA325D40053340A /* Base */,
			);
			name = LaunchScreen.storyboard;
			sourceTree = "<group>";
		};
/* End PBXVariantGroup section */

/* Begin XCBuildConfiguration section */
		344D44D22BA325D40053340A /* Debug */ = {
			isa = XCBuildConfiguration;
			buildSettings = {
				ALWAYS_SEARCH_USER_PATHS = NO;
				ASSETCATALOG_COMPILER_GENERATE_SWIFT_ASSET_SYMBOL_EXTENSIONS = YES;
				CLANG_ANALYZER_NONNULL = YES;
				CLANG_ANALYZER_NUMBER_OBJECT_CONVERSION = YES_AGGRESSIVE;
				CLANG_CXX_LANGUAGE_STANDARD = "gnu++20";
				CLANG_ENABLE_MODULES = YES;
				CLANG_ENABLE_OBJC_ARC = YES;
				CLANG_ENABLE_OBJC_WEAK = YES;
				CLANG_WARN_BLOCK_CAPTURE_AUTORELEASING = YES;
				CLANG_WARN_BOOL_CONVERSION = YES;
				CLANG_WARN_COMMA = YES;
				CLANG_WARN_CONSTANT_CONVERSION = YES;
				CLANG_WARN_DEPRECATED_OBJC_IMPLEMENTATIONS = YES;
				CLANG_WARN_DIRECT_OBJC_ISA_USAGE = YES_ERROR;
				CLANG_WARN_DOCUMENTATION_COMMENTS = YES;
				CLANG_WARN_EMPTY_BODY = YES;
				CLANG_WARN_ENUM_CONVERSION = YES;
				CLANG_WARN_INFINITE_RECURSION = YES;
				CLANG_WARN_INT_CONVERSION = YES;
				CLANG_WARN_NON_LITERAL_NULL_CONVERSION = YES;
				CLANG_WARN_OBJC_IMPLICIT_RETAIN_SELF = YES;
				CLANG_WARN_OBJC_LITERAL_CONVERSION = YES;
				CLANG_WARN_OBJC_ROOT_CLASS = YES_ERROR;
				CLANG_WARN_QUOTED_INCLUDE_IN_FRAMEWORK_HEADER = YES;
				CLANG_WARN_RANGE_LOOP_ANALYSIS = YES;
				CLANG_WARN_STRICT_PROTOTYPES = YES;
				CLANG_WARN_SUSPICIOUS_MOVE = YES;
				CLANG_WARN_UNGUARDED_AVAILABILITY = YES_AGGRESSIVE;
				CLANG_WARN_UNREACHABLE_CODE = YES;
				CLANG_WARN__DUPLICATE_METHOD_MATCH = YES;
				COPY_PHASE_STRIP = NO;
				DEBUG_INFORMATION_FORMAT = dwarf;
				ENABLE_STRICT_OBJC_MSGSEND = YES;
				ENABLE_TESTABILITY = YES;
				ENABLE_USER_SCRIPT_SANDBOXING = YES;
				GCC_C_LANGUAGE_STANDARD = gnu17;
				GCC_DYNAMIC_NO_PIC = NO;
				GCC_NO_COMMON_BLOCKS = YES;
				GCC_OPTIMIZATION_LEVEL = 0;
				GCC_PREPROCESSOR_DEFINITIONS = (
					"DEBUG=1",
					"$(inherited)",
				);
				GCC_WARN_64_TO_32_BIT_CONVERSION = YES;
				GCC_WARN_ABOUT_RETURN_TYPE = YES_ERROR;
				GCC_WARN_UNDECLARED_SELECTOR = YES;
				GCC_WARN_UNINITIALIZED_AUTOS = YES_AGGRESSIVE;
				GCC_WARN_UNUSED_FUNCTION = YES;
				GCC_WARN_UNUSED_VARIABLE = YES;
				IPHONEOS_DEPLOYMENT_TARGET = 17.0;
				LOCALIZATION_PREFERS_STRING_CATALOGS = YES;
				MTL_ENABLE_DEBUG_INFO = INCLUDE_SOURCE;
				MTL_FAST_MATH = YES;
				ONLY_ACTIVE_ARCH = YES;
				SDKROOT = iphoneos;
				SWIFT_ACTIVE_COMPILATION_CONDITIONS = "DEBUG $(inherited)";
				SWIFT_OPTIMIZATION_LEVEL = "-Onone";
			};
			name = Debug;
		};
		344D44D32BA325D40053340A /* Release */ = {
			isa = XCBuildConfiguration;
			buildSettings = {
				ALWAYS_SEARCH_USER_PATHS = NO;
				ASSETCATALOG_COMPILER_GENERATE_SWIFT_ASSET_SYMBOL_EXTENSIONS = YES;
				CLANG_ANALYZER_NONNULL = YES;
				CLANG_ANALYZER_NUMBER_OBJECT_CONVERSION = YES_AGGRESSIVE;
				CLANG_CXX_LANGUAGE_STANDARD = "gnu++20";
				CLANG_ENABLE_MODULES = YES;
				CLANG_ENABLE_OBJC_ARC = YES;
				CLANG_ENABLE_OBJC_WEAK = YES;
				CLANG_WARN_BLOCK_CAPTURE_AUTORELEASING = YES;
				CLANG_WARN_BOOL_CONVERSION = YES;
				CLANG_WARN_COMMA = YES;
				CLANG_WARN_CONSTANT_CONVERSION = YES;
				CLANG_WARN_DEPRECATED_OBJC_IMPLEMENTATIONS = YES;
				CLANG_WARN_DIRECT_OBJC_ISA_USAGE = YES_ERROR;
				CLANG_WARN_DOCUMENTATION_COMMENTS = YES;
				CLANG_WARN_EMPTY_BODY = YES;
				CLANG_WARN_ENUM_CONVERSION = YES;
				CLANG_WARN_INFINITE_RECURSION = YES;
				CLANG_WARN_INT_CONVERSION = YES;
				CLANG_WARN_NON_LITERAL_NULL_CONVERSION = YES;
				CLANG_WARN_OBJC_IMPLICIT_RETAIN_SELF = YES;
				CLANG_WARN_OBJC_LITERAL_CONVERSION = YES;
				CLANG_WARN_OBJC_ROOT_CLASS = YES_ERROR;
				CLANG_WARN_QUOTED_INCLUDE_IN_FRAMEWORK_HEADER = YES;
				CLANG_WARN_RANGE_LOOP_ANALYSIS = YES;
				CLANG_WARN_STRICT_PROTOTYPES = YES;
				CLANG_WARN_SUSPICIOUS_MOVE = YES;
				CLANG_WARN_UNGUARDED_AVAILABILITY = YES_AGGRESSIVE;
				CLANG_WARN_UNREACHABLE_CODE = YES;
				CLANG_WARN__DUPLICATE_METHOD_MATCH = YES;
				COPY_PHASE_STRIP = NO;
				DEBUG_INFORMATION_FORMAT = "dwarf-with-dsym";
				ENABLE_NS_ASSERTIONS = NO;
				ENABLE_STRICT_OBJC_MSGSEND = YES;
				ENABLE_USER_SCRIPT_SANDBOXING = YES;
				GCC_C_LANGUAGE_STANDARD = gnu17;
				GCC_NO_COMMON_BLOCKS = YES;
				GCC_WARN_64_TO_32_BIT_CONVERSION = YES;
				GCC_WARN_ABOUT_RETURN_TYPE = YES_ERROR;
				GCC_WARN_UNDECLARED_SELECTOR = YES;
				GCC_WARN_UNINITIALIZED_AUTOS = YES_AGGRESSIVE;
				GCC_WARN_UNUSED_FUNCTION = YES;
				GCC_WARN_UNUSED_VARIABLE = YES;
				IPHONEOS_DEPLOYMENT_TARGET = 17.0;
				LOCALIZATION_PREFERS_STRING_CATALOGS = YES;
				MTL_ENABLE_DEBUG_INFO = NO;
				MTL_FAST_MATH = YES;
				SDKROOT = iphoneos;
				SWIFT_COMPILATION_MODE = wholemodule;
				VALIDATE_PRODUCT = YES;
			};
			name = Release;
		};
		344D44D52BA325D40053340A /* Debug */ = {
			isa = XCBuildConfiguration;
			buildSettings = {
				ASSETCATALOG_COMPILER_APPICON_NAME = AppIcon;
				ASSETCATALOG_COMPILER_GLOBAL_ACCENT_COLOR_NAME = AccentColor;
				CODE_SIGN_STYLE = Automatic;
				CURRENT_PROJECT_VERSION = 1;
				DEVELOPMENT_TEAM = LW4WS2JJ5L;
				GENERATE_INFOPLIST_FILE = YES;
				INFOPLIST_FILE = NoteApp/Info.plist;
				INFOPLIST_KEY_UIApplicationSupportsIndirectInputEvents = YES;
				INFOPLIST_KEY_UILaunchStoryboardName = LaunchScreen;
				INFOPLIST_KEY_UISupportedInterfaceOrientations_iPad = "UIInterfaceOrientationPortrait UIInterfaceOrientationPortraitUpsideDown UIInterfaceOrientationLandscapeLeft UIInterfaceOrientationLandscapeRight";
				INFOPLIST_KEY_UISupportedInterfaceOrientations_iPhone = "UIInterfaceOrientationPortrait UIInterfaceOrientationLandscapeLeft UIInterfaceOrientationLandscapeRight";
				LD_RUNPATH_SEARCH_PATHS = (
					"$(inherited)",
					"@executable_path/Frameworks",
				);
				MARKETING_VERSION = 1.0;
				PRODUCT_BUNDLE_IDENTIFIER = com.zhamilia.NoteApp;
				PRODUCT_NAME = "$(TARGET_NAME)";
				SWIFT_EMIT_LOC_STRINGS = YES;
				SWIFT_VERSION = 5.0;
				TARGETED_DEVICE_FAMILY = "1,2";
			};
			name = Debug;
		};
		344D44D62BA325D40053340A /* Release */ = {
			isa = XCBuildConfiguration;
			buildSettings = {
				ASSETCATALOG_COMPILER_APPICON_NAME = AppIcon;
				ASSETCATALOG_COMPILER_GLOBAL_ACCENT_COLOR_NAME = AccentColor;
				CODE_SIGN_STYLE = Automatic;
				CURRENT_PROJECT_VERSION = 1;
				DEVELOPMENT_TEAM = LW4WS2JJ5L;
				GENERATE_INFOPLIST_FILE = YES;
				INFOPLIST_FILE = NoteApp/Info.plist;
				INFOPLIST_KEY_UIApplicationSupportsIndirectInputEvents = YES;
				INFOPLIST_KEY_UILaunchStoryboardName = LaunchScreen;
				INFOPLIST_KEY_UISupportedInterfaceOrientations_iPad = "UIInterfaceOrientationPortrait UIInterfaceOrientationPortraitUpsideDown UIInterfaceOrientationLandscapeLeft UIInterfaceOrientationLandscapeRight";
				INFOPLIST_KEY_UISupportedInterfaceOrientations_iPhone = "UIInterfaceOrientationPortrait UIInterfaceOrientationLandscapeLeft UIInterfaceOrientationLandscapeRight";
				LD_RUNPATH_SEARCH_PATHS = (
					"$(inherited)",
					"@executable_path/Frameworks",
				);
				MARKETING_VERSION = 1.0;
				PRODUCT_BUNDLE_IDENTIFIER = com.zhamilia.NoteApp;
				PRODUCT_NAME = "$(TARGET_NAME)";
				SWIFT_EMIT_LOC_STRINGS = YES;
				SWIFT_VERSION = 5.0;
				TARGETED_DEVICE_FAMILY = "1,2";
			};
			name = Release;
		};
/* End XCBuildConfiguration section */

/* Begin XCConfigurationList section */
		344D44BB2BA325D20053340A /* Build configuration list for PBXProject "NoteApp" */ = {
			isa = XCConfigurationList;
			buildConfigurations = (
				344D44D22BA325D40053340A /* Debug */,
				344D44D32BA325D40053340A /* Release */,
			);
			defaultConfigurationIsVisible = 0;
			defaultConfigurationName = Release;
		};
		344D44D42BA325D40053340A /* Build configuration list for PBXNativeTarget "NoteApp" */ = {
			isa = XCConfigurationList;
			buildConfigurations = (
				344D44D52BA325D40053340A /* Debug */,
				344D44D62BA325D40053340A /* Release */,
			);
			defaultConfigurationIsVisible = 0;
			defaultConfigurationName = Release;
		};
/* End XCConfigurationList section */

/* Begin XCVersionGroup section */
		346EF0582BAF1145007DB559 /* Note.xcdatamodeld */ = {
			isa = XCVersionGroup;
			children = (
				346EF0592BAF1145007DB559 /* Note.xcdatamodel */,
			);
			currentVersion = 346EF0592BAF1145007DB559 /* Note.xcdatamodel */;
			path = Note.xcdatamodeld;
			sourceTree = "<group>";
			versionGroupType = wrapper.xcdatamodel;
		};
/* End XCVersionGroup section */
	};
	rootObject = 344D44B82BA325D20053340A /* Project object */;
}
